
Microsoft Visual Studio Solution File, Format Version 12.00
# Visual Studio Version 17
VisualStudioVersion = 17.11.35312.102
MinimumVisualStudioVersion = 10.0.40219.1
Project("{9A19103F-16F7-4668-BE54-9A1E7A4F7556}") = "Ch3_class_method", "Ch3\Ch3_class_method.csproj", "{026E6F60-2809-47F2-A564-12D3B9783050}"
EndProject
Project("{9A19103F-16F7-4668-BE54-9A1E7A4F7556}") = "Ch4_Array_List", "Ch4_Array_List\Ch4_Array_List.csproj", "{FBBB74A6-7246-4A81-AEB7-965DD14142FB}"
EndProject
Project("{9A19103F-16F7-4668-BE54-9A1E7A4F7556}") = "Ch5_Reference", "Ch5_Reference\Ch5_Reference.csproj", "{E6200F1A-6B6F-403F-8AFB-74CEE7E02802}"
EndProject
Project("{9A19103F-16F7-4668-BE54-9A1E7A4F7556}") = "Ch6_Data_Type", "Ch6_Data_Type\Ch6_Data_Type.csproj", "{287B4C47-4C64-4387-B012-45E2EF8551B8}"
EndProject
Project("{9A19103F-16F7-4668-BE54-9A1E7A4F7556}") = "Ch7_Operator", "Ch7_Operator\Ch7_Operator.csproj", "{44528F6C-C685-4C1D-A66F-D65AABA3C557}"
EndProject
Project("{9A19103F-16F7-4668-BE54-9A1E7A4F7556}") = "Ch8_Exception", "Ch8_Exception\Ch8_Exception.csproj", "{68C6033A-CEC8-4916-9E00-B471FC1B9730}"
EndProject
Project("{9A19103F-16F7-4668-BE54-9A1E7A4F7556}") = "Ch9_Method", "Ch9_Method\Ch9_Method.csproj", "{F90030B7-FCB9-440F-8265-DE6902F5281B}"
EndProject
Project("{9A19103F-16F7-4668-BE54-9A1E7A4F7556}") = "Ch10_Class", "Ch10_Class\Ch10_Class.csproj", "{F65CC9A2-3708-4D55-BC07-D64FB98F3C58}"
EndProject
Project("{FAE04EC0-301F-11D3-BF4B-00C04F79EFBC}") = "Ch11_LINQ", "Ch11_LINQ\Ch11_LINQ.csproj", "{19E02878-0164-4AFE-85D7-9DA94FDFC93D}"
EndProject
Global
	GlobalSection(SolutionConfigurationPlatforms) = preSolution
		Debug|Any CPU = Debug|Any CPU
		Release|Any CPU = Release|Any CPU
	EndGlobalSection
	GlobalSection(ProjectConfigurationPlatforms) = postSolution
		{026E6F60-2809-47F2-A564-12D3B9783050}.Debug|Any CPU.ActiveCfg = Debug|Any CPU
		{026E6F60-2809-47F2-A564-12D3B9783050}.Debug|Any CPU.Build.0 = Debug|Any CPU
		{026E6F60-2809-47F2-A564-12D3B9783050}.Release|Any CPU.ActiveCfg = Release|Any CPU
		{026E6F60-2809-47F2-A564-12D3B9783050}.Release|Any CPU.Build.0 = Release|Any CPU
		{FBBB74A6-7246-4A81-AEB7-965DD14142FB}.Debug|Any CPU.ActiveCfg = Debug|Any CPU
		{FBBB74A6-7246-4A81-AEB7-965DD14142FB}.Debug|Any CPU.Build.0 = Debug|Any CPU
		{FBBB74A6-7246-4A81-AEB7-965DD14142FB}.Release|Any CPU.ActiveCfg = Release|Any CPU
		{FBBB74A6-7246-4A81-AEB7-965DD14142FB}.Release|Any CPU.Build.0 = Release|Any CPU
		{E6200F1A-6B6F-403F-8AFB-74CEE7E02802}.Debug|Any CPU.ActiveCfg = Debug|Any CPU
		{E6200F1A-6B6F-403F-8AFB-74CEE7E02802}.Debug|Any CPU.Build.0 = Debug|Any CPU
		{E6200F1A-6B6F-403F-8AFB-74CEE7E02802}.Release|Any CPU.ActiveCfg = Release|Any CPU
		{E6200F1A-6B6F-403F-8AFB-74CEE7E02802}.Release|Any CPU.Build.0 = Release|Any CPU
		{287B4C47-4C64-4387-B012-45E2EF8551B8}.Debug|Any CPU.ActiveCfg = Debug|Any CPU
		{287B4C47-4C64-4387-B012-45E2EF8551B8}.Debug|Any CPU.Build.0 = Debug|Any CPU
		{287B4C47-4C64-4387-B012-45E2EF8551B8}.Release|Any CPU.ActiveCfg = Release|Any CPU
		{287B4C47-4C64-4387-B012-45E2EF8551B8}.Release|Any CPU.Build.0 = Release|Any CPU
		{44528F6C-C685-4C1D-A66F-D65AABA3C557}.Debug|Any CPU.ActiveCfg = Debug|Any CPU
		{44528F6C-C685-4C1D-A66F-D65AABA3C557}.Debug|Any CPU.Build.0 = Debug|Any CPU
		{44528F6C-C685-4C1D-A66F-D65AABA3C557}.Release|Any CPU.ActiveCfg = Release|Any CPU
		{44528F6C-C685-4C1D-A66F-D65AABA3C557}.Release|Any CPU.Build.0 = Release|Any CPU
		{68C6033A-CEC8-4916-9E00-B471FC1B9730}.Debug|Any CPU.ActiveCfg = Debug|Any CPU
		{68C6033A-CEC8-4916-9E00-B471FC1B9730}.Debug|Any CPU.Build.0 = Debug|Any CPU
		{68C6033A-CEC8-4916-9E00-B471FC1B9730}.Release|Any CPU.ActiveCfg = Release|Any CPU
		{68C6033A-CEC8-4916-9E00-B471FC1B9730}.Release|Any CPU.Build.0 = Release|Any CPU
		{F90030B7-FCB9-440F-8265-DE6902F5281B}.Debug|Any CPU.ActiveCfg = Debug|Any CPU
		{F90030B7-FCB9-440F-8265-DE6902F5281B}.Debug|Any CPU.Build.0 = Debug|Any CPU
		{F90030B7-FCB9-440F-8265-DE6902F5281B}.Release|Any CPU.ActiveCfg = Release|Any CPU
		{F90030B7-FCB9-440F-8265-DE6902F5281B}.Release|Any CPU.Build.0 = Release|Any CPU
		{F65CC9A2-3708-4D55-BC07-D64FB98F3C58}.Debug|Any CPU.ActiveCfg = Debug|Any CPU
		{F65CC9A2-3708-4D55-BC07-D64FB98F3C58}.Debug|Any CPU.Build.0 = Debug|Any CPU
		{F65CC9A2-3708-4D55-BC07-D64FB98F3C58}.Release|Any CPU.ActiveCfg = Release|Any CPU
		{F65CC9A2-3708-4D55-BC07-D64FB98F3C58}.Release|Any CPU.Build.0 = Release|Any CPU
		{19E02878-0164-4AFE-85D7-9DA94FDFC93D}.Debug|Any CPU.ActiveCfg = Debug|Any CPU
		{19E02878-0164-4AFE-85D7-9DA94FDFC93D}.Debug|Any CPU.Build.0 = Debug|Any CPU
		{19E02878-0164-4AFE-85D7-9DA94FDFC93D}.Release|Any CPU.ActiveCfg = Release|Any CPU
		{19E02878-0164-4AFE-85D7-9DA94FDFC93D}.Release|Any CPU.Build.0 = Release|Any CPU
	EndGlobalSection
	GlobalSection(SolutionProperties) = preSolution
		HideSolutionNode = FALSE
	EndGlobalSection
	GlobalSection(ExtensibilityGlobals) = postSolution
		SolutionGuid = {DB79876B-48CA-448B-BB8B-B21E09C1161D}
	EndGlobalSection
EndGlobal
